
Microsoft Visual Studio Solution File, Format Version 12.00
# Visual Studio Version 16
VisualStudioVersion = 16.0.32002.261
MinimumVisualStudioVersion = 10.0.40219.1
Project("{FAE04EC0-301F-11D3-BF4B-00C04F79EFBC}") = "WebApiService", "WebApiService\WebApiService.csproj", "{0FE2D425-98B0-4A0D-9E52-3D90329CF4DA}"
EndProject
Global
	GlobalSection(SolutionConfigurationPlatforms) = preSolution
		Debug|Any CPU = Debug|Any CPU
		Release|Any CPU = Release|Any CPU
	EndGlobalSection
	GlobalSection(ProjectConfigurationPlatforms) = postSolution
		{0FE2D425-98B0-4A0D-9E52-3D90329CF4DA}.Debug|Any CPU.ActiveCfg = Debug|Any CPU
		{0FE2D425-98B0-4A0D-9E52-3D90329CF4DA}.Debug|Any CPU.Build.0 = Debug|Any CPU
		{0FE2D425-98B0-4A0D-9E52-3D90329CF4DA}.Release|Any CPU.ActiveCfg = Release|Any CPU
		{0FE2D425-98B0-4A0D-9E52-3D90329CF4DA}.Release|Any CPU.Build.0 = Release|Any CPU
	EndGlobalSection
	GlobalSection(SolutionProperties) = preSolution
		HideSolutionNode = FALSE
	EndGlobalSection
	GlobalSection(ExtensibilityGlobals) = postSolution
		SolutionGuid = {D24E8ACC-D44F-4160-A3F4-3ABB8EF21779}
	EndGlobalSection
EndGlobal
